// !$*UTF8*$!
{
	archiveVersion = 1;
	classes = {
	};
	objectVersion = 56;
	objects = {

/* Begin PBXBuildFile section */
		6E1040E42BF3A9CC00A94632 /* ByteApp.swift in Sources */ = {isa = PBXBuildFile; fileRef = 6E1040E32BF3A9CC00A94632 /* ByteApp.swift */; };
		6E1040E62BF3A9CC00A94632 /* ContentView.swift in Sources */ = {isa = PBXBuildFile; fileRef = 6E1040E52BF3A9CC00A94632 /* ContentView.swift */; };
		6E1040E82BF3A9CD00A94632 /* Assets.xcassets in Resources */ = {isa = PBXBuildFile; fileRef = 6E1040E72BF3A9CD00A94632 /* Assets.xcassets */; };
		6E1040EB2BF3A9CD00A94632 /* Preview Assets.xcassets in Resources */ = {isa = PBXBuildFile; fileRef = 6E1040EA2BF3A9CD00A94632 /* Preview Assets.xcassets */; };
		6E24DADA2BF67F05009F57AA /* XCAOpenAIClient in Frameworks */ = {isa = PBXBuildFile; productRef = 6E24DAD92BF67F05009F57AA /* XCAOpenAIClient */; };
		6E24DADD2BF67F27009F57AA /* SiriWaveView in Frameworks */ = {isa = PBXBuildFile; productRef = 6E24DADC2BF67F27009F57AA /* SiriWaveView */; };
		6E24DADF2BF680A4009F57AA /* Models.swift in Sources */ = {isa = PBXBuildFile; fileRef = 6E24DADE2BF680A4009F57AA /* Models.swift */; };
		6E96E7B42BF5211900C81C60 /* SpaceGrotesk-Light.ttf in Resources */ = {isa = PBXBuildFile; fileRef = 6E96E7AC2BF5211900C81C60 /* SpaceGrotesk-Light.ttf */; };
		6E96E7B52BF5211900C81C60 /* SpaceGrotesk-Regular.ttf in Resources */ = {isa = PBXBuildFile; fileRef = 6E96E7AD2BF5211900C81C60 /* SpaceGrotesk-Regular.ttf */; };
		6E96E7B62BF5211900C81C60 /* SpaceGrotesk-SemiBold.ttf in Resources */ = {isa = PBXBuildFile; fileRef = 6E96E7AE2BF5211900C81C60 /* SpaceGrotesk-SemiBold.ttf */; };
		6E96E7B72BF5211900C81C60 /* SpaceGrotesk-Medium.ttf in Resources */ = {isa = PBXBuildFile; fileRef = 6E96E7AF2BF5211900C81C60 /* SpaceGrotesk-Medium.ttf */; };
		6E96E7B82BF5211900C81C60 /* SpaceGrotesk-Bold.ttf in Resources */ = {isa = PBXBuildFile; fileRef = 6E96E7B02BF5211900C81C60 /* SpaceGrotesk-Bold.ttf */; };
		6E96E7B92BF5211900C81C60 /* OFL.txt in Resources */ = {isa = PBXBuildFile; fileRef = 6E96E7B12BF5211900C81C60 /* OFL.txt */; };
		6E96E7BA2BF5211900C81C60 /* SpaceGrotesk-VariableFont_wght.ttf in Resources */ = {isa = PBXBuildFile; fileRef = 6E96E7B22BF5211900C81C60 /* SpaceGrotesk-VariableFont_wght.ttf */; };
		6E96E7BB2BF5211900C81C60 /* README.txt in Resources */ = {isa = PBXBuildFile; fileRef = 6E96E7B32BF5211900C81C60 /* README.txt */; };
/* End PBXBuildFile section */

/* Begin PBXFileReference section */
		6E1040E02BF3A9CC00A94632 /* Byte.app */ = {isa = PBXFileReference; explicitFileType = wrapper.application; includeInIndex = 0; path = Byte.app; sourceTree = BUILT_PRODUCTS_DIR; };
		6E1040E32BF3A9CC00A94632 /* ByteApp.swift */ = {isa = PBXFileReference; lastKnownFileType = sourcecode.swift; path = ByteApp.swift; sourceTree = "<group>"; };
		6E1040E52BF3A9CC00A94632 /* ContentView.swift */ = {isa = PBXFileReference; lastKnownFileType = sourcecode.swift; path = ContentView.swift; sourceTree = "<group>"; };
		6E1040E72BF3A9CD00A94632 /* Assets.xcassets */ = {isa = PBXFileReference; lastKnownFileType = folder.assetcatalog; path = Assets.xcassets; sourceTree = "<group>"; };
		6E1040EA2BF3A9CD00A94632 /* Preview Assets.xcassets */ = {isa = PBXFileReference; lastKnownFileType = folder.assetcatalog; path = "Preview Assets.xcassets"; sourceTree = "<group>"; };
		6E1040EC2BF3A9CD00A94632 /* Byte.entitlements */ = {isa = PBXFileReference; lastKnownFileType = text.plist.entitlements; path = Byte.entitlements; sourceTree = "<group>"; };
		6E24DADE2BF680A4009F57AA /* Models.swift */ = {isa = PBXFileReference; lastKnownFileType = sourcecode.swift; path = Models.swift; sourceTree = "<group>"; };
		6E96E7AC2BF5211900C81C60 /* SpaceGrotesk-Light.ttf */ = {isa = PBXFileReference; lastKnownFileType = file; path = "SpaceGrotesk-Light.ttf"; sourceTree = "<group>"; };
		6E96E7AD2BF5211900C81C60 /* SpaceGrotesk-Regular.ttf */ = {isa = PBXFileReference; lastKnownFileType = file; path = "SpaceGrotesk-Regular.ttf"; sourceTree = "<group>"; };
		6E96E7AE2BF5211900C81C60 /* SpaceGrotesk-SemiBold.ttf */ = {isa = PBXFileReference; lastKnownFileType = file; path = "SpaceGrotesk-SemiBold.ttf"; sourceTree = "<group>"; };
		6E96E7AF2BF5211900C81C60 /* SpaceGrotesk-Medium.ttf */ = {isa = PBXFileReference; lastKnownFileType = file; path = "SpaceGrotesk-Medium.ttf"; sourceTree = "<group>"; };
		6E96E7B02BF5211900C81C60 /* SpaceGrotesk-Bold.ttf */ = {isa = PBXFileReference; lastKnownFileType = file; path = "SpaceGrotesk-Bold.ttf"; sourceTree = "<group>"; };
		6E96E7B12BF5211900C81C60 /* OFL.txt */ = {isa = PBXFileReference; fileEncoding = 4; lastKnownFileType = text; path = OFL.txt; sourceTree = "<group>"; };
		6E96E7B22BF5211900C81C60 /* SpaceGrotesk-VariableFont_wght.ttf */ = {isa = PBXFileReference; lastKnownFileType = file; path = "SpaceGrotesk-VariableFont_wght.ttf"; sourceTree = "<group>"; };
		6E96E7B32BF5211900C81C60 /* README.txt */ = {isa = PBXFileReference; fileEncoding = 4; lastKnownFileType = text; path = README.txt; sourceTree = "<group>"; };
		6E96E7BC2BF522B900C81C60 /* Info.plist */ = {isa = PBXFileReference; lastKnownFileType = text.plist; path = Info.plist; sourceTree = "<group>"; };
/* End PBXFileReference section */

/* Begin PBXFrameworksBuildPhase section */
		6E1040DD2BF3A9CC00A94632 /* Frameworks */ = {
			isa = PBXFrameworksBuildPhase;
			buildActionMask = 2147483647;
			files = (
				6E24DADA2BF67F05009F57AA /* XCAOpenAIClient in Frameworks */,
				6E24DADD2BF67F27009F57AA /* SiriWaveView in Frameworks */,
			);
			runOnlyForDeploymentPostprocessing = 0;
		};
/* End PBXFrameworksBuildPhase section */

/* Begin PBXGroup section */
		6E1040D72BF3A9CC00A94632 = {
			isa = PBXGroup;
			children = (
				6E1040E22BF3A9CC00A94632 /* Byte */,
				6E1040E12BF3A9CC00A94632 /* Products */,
			);
			sourceTree = "<group>";
		};
		6E1040E12BF3A9CC00A94632 /* Products */ = {
			isa = PBXGroup;
			children = (
				6E1040E02BF3A9CC00A94632 /* Byte.app */,
			);
			name = Products;
			sourceTree = "<group>";
		};
		6E1040E22BF3A9CC00A94632 /* Byte */ = {
			isa = PBXGroup;
			children = (
				6E96E7AD2BF5211900C81C60 /* SpaceGrotesk-Regular.ttf */,
				6E96E7B22BF5211900C81C60 /* SpaceGrotesk-VariableFont_wght.ttf */,
				6E96E7A92BF5210C00C81C60 /* Font */,
				6E1040E32BF3A9CC00A94632 /* ByteApp.swift */,
				6E1040E52BF3A9CC00A94632 /* ContentView.swift */,
				6E1040E72BF3A9CD00A94632 /* Assets.xcassets */,
				6E1040EC2BF3A9CD00A94632 /* Byte.entitlements */,
				6E96E7BC2BF522B900C81C60 /* Info.plist */,
				6E1040E92BF3A9CD00A94632 /* Preview Content */,
				6E24DADE2BF680A4009F57AA /* Models.swift */,
			);
			path = Byte;
			sourceTree = "<group>";
		};
		6E1040E92BF3A9CD00A94632 /* Preview Content */ = {
			isa = PBXGroup;
			children = (
				6E1040EA2BF3A9CD00A94632 /* Preview Assets.xcassets */,
			);
			path = "Preview Content";
			sourceTree = "<group>";
		};
		6E96E7A92BF5210C00C81C60 /* Font */ = {
			isa = PBXGroup;
			children = (
				6E96E7AA2BF5211900C81C60 /* Space Grotesk */,
			);
			path = Font;
			sourceTree = "<group>";
		};
		6E96E7AA2BF5211900C81C60 /* Space Grotesk */ = {
			isa = PBXGroup;
			children = (
				6E96E7AB2BF5211900C81C60 /* static */,
				6E96E7B12BF5211900C81C60 /* OFL.txt */,
				6E96E7B32BF5211900C81C60 /* README.txt */,
			);
			path = "Space Grotesk";
			sourceTree = "<group>";
		};
		6E96E7AB2BF5211900C81C60 /* static */ = {
			isa = PBXGroup;
			children = (
				6E96E7AC2BF5211900C81C60 /* SpaceGrotesk-Light.ttf */,
				6E96E7AE2BF5211900C81C60 /* SpaceGrotesk-SemiBold.ttf */,
				6E96E7AF2BF5211900C81C60 /* SpaceGrotesk-Medium.ttf */,
				6E96E7B02BF5211900C81C60 /* SpaceGrotesk-Bold.ttf */,
			);
			path = static;
			sourceTree = "<group>";
		};
/* End PBXGroup section */

/* Begin PBXNativeTarget section */
		6E1040DF2BF3A9CC00A94632 /* Byte */ = {
			isa = PBXNativeTarget;
			buildConfigurationList = 6E1040EF2BF3A9CD00A94632 /* Build configuration list for PBXNativeTarget "Byte" */;
			buildPhases = (
				6E1040DC2BF3A9CC00A94632 /* Sources */,
				6E1040DD2BF3A9CC00A94632 /* Frameworks */,
				6E1040DE2BF3A9CC00A94632 /* Resources */,
			);
			buildRules = (
			);
			dependencies = (
			);
			name = Byte;
			packageProductDependencies = (
				6E24DAD92BF67F05009F57AA /* XCAOpenAIClient */,
				6E24DADC2BF67F27009F57AA /* SiriWaveView */,
			);
			productName = Byte;
			productReference = 6E1040E02BF3A9CC00A94632 /* Byte.app */;
			productType = "com.apple.product-type.application";
		};
/* End PBXNativeTarget section */

/* Begin PBXProject section */
		6E1040D82BF3A9CC00A94632 /* Project object */ = {
			isa = PBXProject;
			attributes = {
				BuildIndependentTargetsInParallel = 1;
				LastSwiftUpdateCheck = 1520;
				LastUpgradeCheck = 1520;
				TargetAttributes = {
					6E1040DF2BF3A9CC00A94632 = {
						CreatedOnToolsVersion = 15.2;
					};
				};
			};
			buildConfigurationList = 6E1040DB2BF3A9CC00A94632 /* Build configuration list for PBXProject "Byte" */;
			compatibilityVersion = "Xcode 14.0";
			developmentRegion = en;
			hasScannedForEncodings = 0;
			knownRegions = (
				en,
				Base,
			);
			mainGroup = 6E1040D72BF3A9CC00A94632;
			packageReferences = (
				6E24DAD82BF67F05009F57AA /* XCRemoteSwiftPackageReference "XCAOpenAIClient" */,
				6E24DADB2BF67F27009F57AA /* XCRemoteSwiftPackageReference "SiriWaveView" */,
			);
			productRefGroup = 6E1040E12BF3A9CC00A94632 /* Products */;
			projectDirPath = "";
			projectRoot = "";
			targets = (
				6E1040DF2BF3A9CC00A94632 /* Byte */,
			);
		};
/* End PBXProject section */

/* Begin PBXResourcesBuildPhase section */
		6E1040DE2BF3A9CC00A94632 /* Resources */ = {
			isa = PBXResourcesBuildPhase;
			buildActionMask = 2147483647;
			files = (
				6E96E7B62BF5211900C81C60 /* SpaceGrotesk-SemiBold.ttf in Resources */,
				6E96E7B42BF5211900C81C60 /* SpaceGrotesk-Light.ttf in Resources */,
				6E96E7B72BF5211900C81C60 /* SpaceGrotesk-Medium.ttf in Resources */,
				6E1040EB2BF3A9CD00A94632 /* Preview Assets.xcassets in Resources */,
				6E96E7BB2BF5211900C81C60 /* README.txt in Resources */,
				6E96E7BA2BF5211900C81C60 /* SpaceGrotesk-VariableFont_wght.ttf in Resources */,
				6E96E7B52BF5211900C81C60 /* SpaceGrotesk-Regular.ttf in Resources */,
				6E1040E82BF3A9CD00A94632 /* Assets.xcassets in Resources */,
				6E96E7B92BF5211900C81C60 /* OFL.txt in Resources */,
				6E96E7B82BF5211900C81C60 /* SpaceGrotesk-Bold.ttf in Resources */,
			);
			runOnlyForDeploymentPostprocessing = 0;
		};
/* End PBXResourcesBuildPhase section */

/* Begin PBXSourcesBuildPhase section */
		6E1040DC2BF3A9CC00A94632 /* Sources */ = {
			isa = PBXSourcesBuildPhase;
			buildActionMask = 2147483647;
			files = (
				6E24DADF2BF680A4009F57AA /* Models.swift in Sources */,
				6E1040E62BF3A9CC00A94632 /* ContentView.swift in Sources */,
				6E1040E42BF3A9CC00A94632 /* ByteApp.swift in Sources */,
			);
			runOnlyForDeploymentPostprocessing = 0;
		};
/* End PBXSourcesBuildPhase section */

/* Begin XCBuildConfiguration section */
		6E1040ED2BF3A9CD00A94632 /* Debug */ = {
			isa = XCBuildConfiguration;
			buildSettings = {
				ALWAYS_SEARCH_USER_PATHS = NO;
				ASSETCATALOG_COMPILER_GENERATE_SWIFT_ASSET_SYMBOL_EXTENSIONS = YES;
				CLANG_ANALYZER_NONNULL = YES;
				CLANG_ANALYZER_NUMBER_OBJECT_CONVERSION = YES_AGGRESSIVE;
				CLANG_CXX_LANGUAGE_STANDARD = "gnu++20";
				CLANG_ENABLE_MODULES = YES;
				CLANG_ENABLE_OBJC_ARC = YES;
				CLANG_ENABLE_OBJC_WEAK = YES;
				CLANG_WARN_BLOCK_CAPTURE_AUTORELEASING = YES;
				CLANG_WARN_BOOL_CONVERSION = YES;
				CLANG_WARN_COMMA = YES;
				CLANG_WARN_CONSTANT_CONVERSION = YES;
				CLANG_WARN_DEPRECATED_OBJC_IMPLEMENTATIONS = YES;
				CLANG_WARN_DIRECT_OBJC_ISA_USAGE = YES_ERROR;
				CLANG_WARN_DOCUMENTATION_COMMENTS = YES;
				CLANG_WARN_EMPTY_BODY = YES;
				CLANG_WARN_ENUM_CONVERSION = YES;
				CLANG_WARN_INFINITE_RECURSION = YES;
				CLANG_WARN_INT_CONVERSION = YES;
				CLANG_WARN_NON_LITERAL_NULL_CONVERSION = YES;
				CLANG_WARN_OBJC_IMPLICIT_RETAIN_SELF = YES;
				CLANG_WARN_OBJC_LITERAL_CONVERSION = YES;
				CLANG_WARN_OBJC_ROOT_CLASS = YES_ERROR;
				CLANG_WARN_QUOTED_INCLUDE_IN_FRAMEWORK_HEADER = YES;
				CLANG_WARN_RANGE_LOOP_ANALYSIS = YES;
				CLANG_WARN_STRICT_PROTOTYPES = YES;
				CLANG_WARN_SUSPICIOUS_MOVE = YES;
				CLANG_WARN_UNGUARDED_AVAILABILITY = YES_AGGRESSIVE;
				CLANG_WARN_UNREACHABLE_CODE = YES;
				CLANG_WARN__DUPLICATE_METHOD_MATCH = YES;
				COPY_PHASE_STRIP = NO;
				DEBUG_INFORMATION_FORMAT = dwarf;
				ENABLE_STRICT_OBJC_MSGSEND = YES;
				ENABLE_TESTABILITY = YES;
				ENABLE_USER_SCRIPT_SANDBOXING = YES;
				GCC_C_LANGUAGE_STANDARD = gnu17;
				GCC_DYNAMIC_NO_PIC = NO;
				GCC_NO_COMMON_BLOCKS = YES;
				GCC_OPTIMIZATION_LEVEL = 0;
				GCC_PREPROCESSOR_DEFINITIONS = (
					"DEBUG=1",
					"$(inherited)",
				);
				GCC_WARN_64_TO_32_BIT_CONVERSION = YES;
				GCC_WARN_ABOUT_RETURN_TYPE = YES_ERROR;
				GCC_WARN_UNDECLARED_SELECTOR = YES;
				GCC_WARN_UNINITIALIZED_AUTOS = YES_AGGRESSIVE;
				GCC_WARN_UNUSED_FUNCTION = YES;
				GCC_WARN_UNUSED_VARIABLE = YES;
				LOCALIZATION_PREFERS_STRING_CATALOGS = YES;
				MACOSX_DEPLOYMENT_TARGET = 14.2;
				MTL_ENABLE_DEBUG_INFO = INCLUDE_SOURCE;
				MTL_FAST_MATH = YES;
				ONLY_ACTIVE_ARCH = YES;
				SDKROOT = macosx;
				SWIFT_ACTIVE_COMPILATION_CONDITIONS = "DEBUG $(inherited)";
				SWIFT_OPTIMIZATION_LEVEL = "-Onone";
			};
			name = Debug;
		};
		6E1040EE2BF3A9CD00A94632 /* Release */ = {
			isa = XCBuildConfiguration;
			buildSettings = {
				ALWAYS_SEARCH_USER_PATHS = NO;
				ASSETCATALOG_COMPILER_GENERATE_SWIFT_ASSET_SYMBOL_EXTENSIONS = YES;
				CLANG_ANALYZER_NONNULL = YES;
				CLANG_ANALYZER_NUMBER_OBJECT_CONVERSION = YES_AGGRESSIVE;
				CLANG_CXX_LANGUAGE_STANDARD = "gnu++20";
				CLANG_ENABLE_MODULES = YES;
				CLANG_ENABLE_OBJC_ARC = YES;
				CLANG_ENABLE_OBJC_WEAK = YES;
				CLANG_WARN_BLOCK_CAPTURE_AUTORELEASING = YES;
				CLANG_WARN_BOOL_CONVERSION = YES;
				CLANG_WARN_COMMA = YES;
				CLANG_WARN_CONSTANT_CONVERSION = YES;
				CLANG_WARN_DEPRECATED_OBJC_IMPLEMENTATIONS = YES;
				CLANG_WARN_DIRECT_OBJC_ISA_USAGE = YES_ERROR;
				CLANG_WARN_DOCUMENTATION_COMMENTS = YES;
				CLANG_WARN_EMPTY_BODY = YES;
				CLANG_WARN_ENUM_CONVERSION = YES;
				CLANG_WARN_INFINITE_RECURSION = YES;
				CLANG_WARN_INT_CONVERSION = YES;
				CLANG_WARN_NON_LITERAL_NULL_CONVERSION = YES;
				CLANG_WARN_OBJC_IMPLICIT_RETAIN_SELF = YES;
				CLANG_WARN_OBJC_LITERAL_CONVERSION = YES;
				CLANG_WARN_OBJC_ROOT_CLASS = YES_ERROR;
				CLANG_WARN_QUOTED_INCLUDE_IN_FRAMEWORK_HEADER = YES;
				CLANG_WARN_RANGE_LOOP_ANALYSIS = YES;
				CLANG_WARN_STRICT_PROTOTYPES = YES;
				CLANG_WARN_SUSPICIOUS_MOVE = YES;
				CLANG_WARN_UNGUARDED_AVAILABILITY = YES_AGGRESSIVE;
				CLANG_WARN_UNREACHABLE_CODE = YES;
				CLANG_WARN__DUPLICATE_METHOD_MATCH = YES;
				COPY_PHASE_STRIP = NO;
				DEBUG_INFORMATION_FORMAT = "dwarf-with-dsym";
				ENABLE_NS_ASSERTIONS = NO;
				ENABLE_STRICT_OBJC_MSGSEND = YES;
				ENABLE_USER_SCRIPT_SANDBOXING = YES;
				GCC_C_LANGUAGE_STANDARD = gnu17;
				GCC_NO_COMMON_BLOCKS = YES;
				GCC_WARN_64_TO_32_BIT_CONVERSION = YES;
				GCC_WARN_ABOUT_RETURN_TYPE = YES_ERROR;
				GCC_WARN_UNDECLARED_SELECTOR = YES;
				GCC_WARN_UNINITIALIZED_AUTOS = YES_AGGRESSIVE;
				GCC_WARN_UNUSED_FUNCTION = YES;
				GCC_WARN_UNUSED_VARIABLE = YES;
				LOCALIZATION_PREFERS_STRING_CATALOGS = YES;
				MACOSX_DEPLOYMENT_TARGET = 14.2;
				MTL_ENABLE_DEBUG_INFO = NO;
				MTL_FAST_MATH = YES;
				SDKROOT = macosx;
				SWIFT_COMPILATION_MODE = wholemodule;
			};
			name = Release;
		};
		6E1040F02BF3A9CD00A94632 /* Debug */ = {
			isa = XCBuildConfiguration;
			buildSettings = {
				ASSETCATALOG_COMPILER_APPICON_NAME = AppIcon;
				ASSETCATALOG_COMPILER_GLOBAL_ACCENT_COLOR_NAME = AccentColor;
				CODE_SIGN_ENTITLEMENTS = Byte/Byte.entitlements;
				CODE_SIGN_STYLE = Automatic;
				COMBINE_HIDPI_IMAGES = YES;
				CURRENT_PROJECT_VERSION = 1;
				DEVELOPMENT_ASSET_PATHS = "\"Byte/Preview Content\"";
				DEVELOPMENT_TEAM = MLF68LT52L;
				ENABLE_HARDENED_RUNTIME = YES;
				ENABLE_PREVIEWS = YES;
				GENERATE_INFOPLIST_FILE = YES;
				INFOPLIST_FILE = Byte/Info.plist;
				INFOPLIST_KEY_NSHumanReadableCopyright = "";
				INFOPLIST_KEY_NSMicrophoneUsageDescription = "Talk with AI Assistant";
				LD_RUNPATH_SEARCH_PATHS = (
					"$(inherited)",
					"@executable_path/../Frameworks",
				);
				MACOSX_DEPLOYMENT_TARGET = 14.0;
				MARKETING_VERSION = 1.0;
				PRODUCT_BUNDLE_IDENTIFIER = com.mansour.Byte;
				PRODUCT_NAME = "$(TARGET_NAME)";
				SWIFT_EMIT_LOC_STRINGS = YES;
				SWIFT_VERSION = 5.0;
			};
			name = Debug;
		};
		6E1040F12BF3A9CD00A94632 /* Release */ = {
			isa = XCBuildConfiguration;
			buildSettings = {
				ASSETCATALOG_COMPILER_APPICON_NAME = AppIcon;
				ASSETCATALOG_COMPILER_GLOBAL_ACCENT_COLOR_NAME = AccentColor;
				CODE_SIGN_ENTITLEMENTS = Byte/Byte.entitlements;
				CODE_SIGN_STYLE = Automatic;
				COMBINE_HIDPI_IMAGES = YES;
				CURRENT_PROJECT_VERSION = 1;
				DEVELOPMENT_ASSET_PATHS = "\"Byte/Preview Content\"";
				DEVELOPMENT_TEAM = MLF68LT52L;
				ENABLE_HARDENED_RUNTIME = YES;
				ENABLE_PREVIEWS = YES;
				GENERATE_INFOPLIST_FILE = YES;
				INFOPLIST_FILE = Byte/Info.plist;
				INFOPLIST_KEY_NSHumanReadableCopyright = "";
				INFOPLIST_KEY_NSMicrophoneUsageDescription = "Talk with AI Assistant";
				LD_RUNPATH_SEARCH_PATHS = (
					"$(inherited)",
					"@executable_path/../Frameworks",
				);
				MACOSX_DEPLOYMENT_TARGET = 14.0;
				MARKETING_VERSION = 1.0;
				PRODUCT_BUNDLE_IDENTIFIER = com.mansour.Byte;
				PRODUCT_NAME = "$(TARGET_NAME)";
				SWIFT_EMIT_LOC_STRINGS = YES;
				SWIFT_VERSION = 5.0;
			};
			name = Release;
		};
/* End XCBuildConfiguration section */

/* Begin XCConfigurationList section */
		6E1040DB2BF3A9CC00A94632 /* Build configuration list for PBXProject "Byte" */ = {
			isa = XCConfigurationList;
			buildConfigurations = (
				6E1040ED2BF3A9CD00A94632 /* Debug */,
				6E1040EE2BF3A9CD00A94632 /* Release */,
			);
			defaultConfigurationIsVisible = 0;
			defaultConfigurationName = Release;
		};
		6E1040EF2BF3A9CD00A94632 /* Build configuration list for PBXNativeTarget "Byte" */ = {
			isa = XCConfigurationList;
			buildConfigurations = (
				6E1040F02BF3A9CD00A94632 /* Debug */,
				6E1040F12BF3A9CD00A94632 /* Release */,
			);
			defaultConfigurationIsVisible = 0;
			defaultConfigurationName = Release;
		};
/* End XCConfigurationList section */

/* Begin XCRemoteSwiftPackageReference section */
		6E24DAD82BF67F05009F57AA /* XCRemoteSwiftPackageReference "XCAOpenAIClient" */ = {
			isa = XCRemoteSwiftPackageReference;
			repositoryURL = "https://github.com/alfianlosari/XCAOpenAIClient";
			requirement = {
				branch = main;
				kind = branch;
			};
		};
		6E24DADB2BF67F27009F57AA /* XCRemoteSwiftPackageReference "SiriWaveView" */ = {
			isa = XCRemoteSwiftPackageReference;
			repositoryURL = "https://github.com/alfianlosari/SiriWaveView";
			requirement = {
				branch = master;
				kind = branch;
			};
		};
/* End XCRemoteSwiftPackageReference section */

/* Begin XCSwiftPackageProductDependency section */
		6E24DAD92BF67F05009F57AA /* XCAOpenAIClient */ = {
			isa = XCSwiftPackageProductDependency;
			package = 6E24DAD82BF67F05009F57AA /* XCRemoteSwiftPackageReference "XCAOpenAIClient" */;
			productName = XCAOpenAIClient;
		};
		6E24DADC2BF67F27009F57AA /* SiriWaveView */ = {
			isa = XCSwiftPackageProductDependency;
			package = 6E24DADB2BF67F27009F57AA /* XCRemoteSwiftPackageReference "SiriWaveView" */;
			productName = SiriWaveView;
		};
/* End XCSwiftPackageProductDependency section */
	};
	rootObject = 6E1040D82BF3A9CC00A94632 /* Project object */;
}
